
Microsoft Visual Studio Solution File, Format Version 12.00
# Visual Studio 15
VisualStudioVersion = 15.0.27130.2027
MinimumVisualStudioVersion = 10.0.40219.1
Project("{FAE04EC0-301F-11D3-BF4B-00C04F79EFBC}") = "DataVisualization.Core", "DataVisualization.Core\DataVisualization.Core.csproj", "{12EBFAB2-E9BA-407A-805B-47A896B407E0}"
EndProject
Project("{FAE04EC0-301F-11D3-BF4B-00C04F79EFBC}") = "DataVisualization.Models", "DataVisualization.Models\DataVisualization.Models.csproj", "{E7CC1E7E-4342-4431-BBB3-25403C096D83}"
EndProject
Project("{FAE04EC0-301F-11D3-BF4B-00C04F79EFBC}") = "DataVisualization.Services", "DataVisualization.Services\DataVisualization.Services.csproj", "{2577176B-5E41-4D91-AF20-747BDA3712AB}"
EndProject
Global
	GlobalSection(SolutionConfigurationPlatforms) = preSolution
		Debug|Any CPU = Debug|Any CPU
		Release|Any CPU = Release|Any CPU
	EndGlobalSection
	GlobalSection(ProjectConfigurationPlatforms) = postSolution
		{12EBFAB2-E9BA-407A-805B-47A896B407E0}.Debug|Any CPU.ActiveCfg = Debug|Any CPU
		{12EBFAB2-E9BA-407A-805B-47A896B407E0}.Debug|Any CPU.Build.0 = Debug|Any CPU
		{12EBFAB2-E9BA-407A-805B-47A896B407E0}.Release|Any CPU.ActiveCfg = Release|Any CPU
		{12EBFAB2-E9BA-407A-805B-47A896B407E0}.Release|Any CPU.Build.0 = Release|Any CPU
		{E7CC1E7E-4342-4431-BBB3-25403C096D83}.Debug|Any CPU.ActiveCfg = Debug|Any CPU
		{E7CC1E7E-4342-4431-BBB3-25403C096D83}.Debug|Any CPU.Build.0 = Debug|Any CPU
		{E7CC1E7E-4342-4431-BBB3-25403C096D83}.Release|Any CPU.ActiveCfg = Release|Any CPU
		{E7CC1E7E-4342-4431-BBB3-25403C096D83}.Release|Any CPU.Build.0 = Release|Any CPU
		{2577176B-5E41-4D91-AF20-747BDA3712AB}.Debug|Any CPU.ActiveCfg = Debug|Any CPU
		{2577176B-5E41-4D91-AF20-747BDA3712AB}.Debug|Any CPU.Build.0 = Debug|Any CPU
		{2577176B-5E41-4D91-AF20-747BDA3712AB}.Release|Any CPU.ActiveCfg = Release|Any CPU
		{2577176B-5E41-4D91-AF20-747BDA3712AB}.Release|Any CPU.Build.0 = Release|Any CPU
	EndGlobalSection
	GlobalSection(SolutionProperties) = preSolution
		HideSolutionNode = FALSE
	EndGlobalSection
	GlobalSection(ExtensibilityGlobals) = postSolution
		SolutionGuid = {5F02FAE5-7BCC-4895-BABC-9EAFA96E7879}
	EndGlobalSection
EndGlobal
